
Microsoft Visual Studio Solution File, Format Version 12.00
# Visual Studio Version 17
VisualStudioVersion = 17.10.35027.167
MinimumVisualStudioVersion = 10.0.40219.1
Project("{8BC9CEB8-8B4A-11D0-8D11-00A0C91BC942}") = "Server2", "Server2.vcxproj", "{E55016BF-2FF0-4B7C-9AD6-F62D47E20D54}"
EndProject
Global
	GlobalSection(SolutionConfigurationPlatforms) = preSolution
		Debug|x64 = Debug|x64
		Debug|x86 = Debug|x86
		Release|x64 = Release|x64
		Release|x86 = Release|x86
	EndGlobalSection
	GlobalSection(ProjectConfigurationPlatforms) = postSolution
		{E55016BF-2FF0-4B7C-9AD6-F62D47E20D54}.Debug|x64.ActiveCfg = Debug|x64
		{E55016BF-2FF0-4B7C-9AD6-F62D47E20D54}.Debug|x64.Build.0 = Debug|x64
		{E55016BF-2FF0-4B7C-9AD6-F62D47E20D54}.Debug|x86.ActiveCfg = Debug|Win32
		{E55016BF-2FF0-4B7C-9AD6-F62D47E20D54}.Debug|x86.Build.0 = Debug|Win32
		{E55016BF-2FF0-4B7C-9AD6-F62D47E20D54}.Release|x64.ActiveCfg = Release|x64
		{E55016BF-2FF0-4B7C-9AD6-F62D47E20D54}.Release|x64.Build.0 = Release|x64
		{E55016BF-2FF0-4B7C-9AD6-F62D47E20D54}.Release|x86.ActiveCfg = Release|Win32
		{E55016BF-2FF0-4B7C-9AD6-F62D47E20D54}.Release|x86.Build.0 = Release|Win32
	EndGlobalSection
	GlobalSection(SolutionProperties) = preSolution
		HideSolutionNode = FALSE
	EndGlobalSection
	GlobalSection(ExtensibilityGlobals) = postSolution
		SolutionGuid = {1431BA79-9AD9-4527-8D7B-4698A0ADF58B}
	EndGlobalSection
EndGlobal
